
Microsoft Visual Studio Solution File, Format Version 12.00
# Visual Studio Version 17
VisualStudioVersion = 17.3.32825.248
MinimumVisualStudioVersion = 10.0.40219.1
Project("{FAE04EC0-301F-11D3-BF4B-00C04F79EFBC}") = "BankingHelp", "BankingHelp.csproj", "{A090CD5C-3063-4FE8-B506-E88D6C3FB020}"
EndProject
Global
	GlobalSection(SolutionConfigurationPlatforms) = preSolution
		Debug|Any CPU = Debug|Any CPU
		Release|Any CPU = Release|Any CPU
	EndGlobalSection
	GlobalSection(ProjectConfigurationPlatforms) = postSolution
		{A090CD5C-3063-4FE8-B506-E88D6C3FB020}.Debug|Any CPU.ActiveCfg = Debug|Any CPU
		{A090CD5C-3063-4FE8-B506-E88D6C3FB020}.Debug|Any CPU.Build.0 = Debug|Any CPU
		{A090CD5C-3063-4FE8-B506-E88D6C3FB020}.Release|Any CPU.ActiveCfg = Release|Any CPU
		{A090CD5C-3063-4FE8-B506-E88D6C3FB020}.Release|Any CPU.Build.0 = Release|Any CPU
	EndGlobalSection
	GlobalSection(SolutionProperties) = preSolution
		HideSolutionNode = FALSE
	EndGlobalSection
	GlobalSection(ExtensibilityGlobals) = postSolution
		SolutionGuid = {07ED8F62-E57E-4841-9733-3FD75AEABBDE}
	EndGlobalSection
EndGlobal
